
Microsoft Visual Studio Solution File, Format Version 12.00
# Visual Studio Version 17
VisualStudioVersion = 17.8.34330.188
MinimumVisualStudioVersion = 10.0.40219.1
Project("{9A19103F-16F7-4668-BE54-9A1E7A4F7556}") = "DAL", "DAL\DAL.csproj", "{85A110DF-A9DF-4A65-BA61-28544A9227F0}"
EndProject
Project("{9A19103F-16F7-4668-BE54-9A1E7A4F7556}") = "BL", "BL\BL.csproj", "{178A4120-3731-4BC6-B665-BC0786FF3F89}"
EndProject
Project("{9A19103F-16F7-4668-BE54-9A1E7A4F7556}") = "API", "API\API.csproj", "{74D2A191-F3BE-413D-897F-A3C8BE568547}"
EndProject
Project("{9A19103F-16F7-4668-BE54-9A1E7A4F7556}") = "Common", "Auth\Common.csproj", "{DFFDAEEB-B31D-43E7-B3EF-C51485FD3A85}"
EndProject
Global
	GlobalSection(SolutionConfigurationPlatforms) = preSolution
		Debug|Any CPU = Debug|Any CPU
		Release|Any CPU = Release|Any CPU
	EndGlobalSection
	GlobalSection(ProjectConfigurationPlatforms) = postSolution
		{85A110DF-A9DF-4A65-BA61-28544A9227F0}.Debug|Any CPU.ActiveCfg = Debug|Any CPU
		{85A110DF-A9DF-4A65-BA61-28544A9227F0}.Debug|Any CPU.Build.0 = Debug|Any CPU
		{85A110DF-A9DF-4A65-BA61-28544A9227F0}.Release|Any CPU.ActiveCfg = Release|Any CPU
		{85A110DF-A9DF-4A65-BA61-28544A9227F0}.Release|Any CPU.Build.0 = Release|Any CPU
		{178A4120-3731-4BC6-B665-BC0786FF3F89}.Debug|Any CPU.ActiveCfg = Debug|Any CPU
		{178A4120-3731-4BC6-B665-BC0786FF3F89}.Debug|Any CPU.Build.0 = Debug|Any CPU
		{178A4120-3731-4BC6-B665-BC0786FF3F89}.Release|Any CPU.ActiveCfg = Release|Any CPU
		{178A4120-3731-4BC6-B665-BC0786FF3F89}.Release|Any CPU.Build.0 = Release|Any CPU
		{74D2A191-F3BE-413D-897F-A3C8BE568547}.Debug|Any CPU.ActiveCfg = Debug|Any CPU
		{74D2A191-F3BE-413D-897F-A3C8BE568547}.Debug|Any CPU.Build.0 = Debug|Any CPU
		{74D2A191-F3BE-413D-897F-A3C8BE568547}.Release|Any CPU.ActiveCfg = Release|Any CPU
		{74D2A191-F3BE-413D-897F-A3C8BE568547}.Release|Any CPU.Build.0 = Release|Any CPU
		{DFFDAEEB-B31D-43E7-B3EF-C51485FD3A85}.Debug|Any CPU.ActiveCfg = Debug|Any CPU
		{DFFDAEEB-B31D-43E7-B3EF-C51485FD3A85}.Debug|Any CPU.Build.0 = Debug|Any CPU
		{DFFDAEEB-B31D-43E7-B3EF-C51485FD3A85}.Release|Any CPU.ActiveCfg = Release|Any CPU
		{DFFDAEEB-B31D-43E7-B3EF-C51485FD3A85}.Release|Any CPU.Build.0 = Release|Any CPU
	EndGlobalSection
	GlobalSection(SolutionProperties) = preSolution
		HideSolutionNode = FALSE
	EndGlobalSection
	GlobalSection(ExtensibilityGlobals) = postSolution
		SolutionGuid = {F5FFAA1C-777A-476D-9D76-20E56B53B47B}
	EndGlobalSection
EndGlobal
